Microsoft Visual Studio Solution File, Format Version 11.00
# Visual Studio 2008

Project("{3CFA8F1B-FE5B-D3D2-14FA-B195696A24D7}") = "TileGameReimagined", "Assembly-CSharp.csproj", "{448B337F-CA75-7C7A-6918-ABC006560A1C}"
EndProject
Project("{3CFA8F1B-FE5B-D3D2-14FA-B195696A24D7}") = "TileGameReimagined", "Assembly-UnityScript.unityproj", "{98C1D515-F8A9-1206-E9C4-6A03E381284C}"
EndProject
Global
	GlobalSection(SolutionConfigurationPlatforms) = preSolution
		Debug|Any CPU = Debug|Any CPU
		Release|Any CPU = Release|Any CPU
	EndGlobalSection
	GlobalSection(ProjectConfigurationPlatforms) = postSolution
		{448B337F-CA75-7C7A-6918-ABC006560A1C}.Debug|Any CPU.ActiveCfg = Debug|Any CPU
		{448B337F-CA75-7C7A-6918-ABC006560A1C}.Debug|Any CPU.Build.0 = Debug|Any CPU
		{448B337F-CA75-7C7A-6918-ABC006560A1C}.Release|Any CPU.ActiveCfg = Release|Any CPU
		{448B337F-CA75-7C7A-6918-ABC006560A1C}.Release|Any CPU.Build.0 = Release|Any CPU
		{98C1D515-F8A9-1206-E9C4-6A03E381284C}.Debug|Any CPU.ActiveCfg = Debug|Any CPU
		{98C1D515-F8A9-1206-E9C4-6A03E381284C}.Debug|Any CPU.Build.0 = Debug|Any CPU
		{98C1D515-F8A9-1206-E9C4-6A03E381284C}.Release|Any CPU.ActiveCfg = Release|Any CPU
		{98C1D515-F8A9-1206-E9C4-6A03E381284C}.Release|Any CPU.Build.0 = Release|Any CPU
	EndGlobalSection
	GlobalSection(SolutionProperties) = preSolution
		HideSolutionNode = FALSE
	EndGlobalSection
																																																												GlobalSection(MonoDevelopProperties) = preSolution
		StartupItem = Assembly-CSharp.csproj
		Policies = $0
		$0.TextStylePolicy = $1
		$1.inheritsSet = null
		$1.scope = text/x-csharp
		$0.CSharpFormattingPolicy = $2
		$2.inheritsSet = Mono
		$2.inheritsScope = text/x-csharp
		$2.scope = text/x-csharp
		$0.TextStylePolicy = $3
		$3.FileWidth = 120
		$3.TabWidth = 4
		$3.EolMarker = Unix
		$3.inheritsSet = Mono
		$3.inheritsScope = text/plain
		$3.scope = text/plain
	EndGlobalSection

EndGlobal
